
Microsoft Visual Studio Solution File, Format Version 12.00
# Visual Studio Version 17
VisualStudioVersion = 17.14.36221.1 d17.14
MinimumVisualStudioVersion = 10.0.40219.1
Project("{8BC9CEB8-8B4A-11D0-8D11-00A0C91BC942}") = "LumenCore Engine", "LumenCore Engine.vcxproj", "{B4032375-56C8-4D06-8FDF-3271839C6AF7}"
EndProject
Global
	GlobalSection(SolutionConfigurationPlatforms) = preSolution
		Debug|x64 = Debug|x64
		Debug|x86 = Debug|x86
		Release|x64 = Release|x64
		Release|x86 = Release|x86
	EndGlobalSection
	GlobalSection(ProjectConfigurationPlatforms) = postSolution
		{B4032375-56C8-4D06-8FDF-3271839C6AF7}.Debug|x64.ActiveCfg = Debug|x64
		{B4032375-56C8-4D06-8FDF-3271839C6AF7}.Debug|x64.Build.0 = Debug|x64
		{B4032375-56C8-4D06-8FDF-3271839C6AF7}.Debug|x86.ActiveCfg = Debug|Win32
		{B4032375-56C8-4D06-8FDF-3271839C6AF7}.Debug|x86.Build.0 = Debug|Win32
		{B4032375-56C8-4D06-8FDF-3271839C6AF7}.Release|x64.ActiveCfg = Release|x64
		{B4032375-56C8-4D06-8FDF-3271839C6AF7}.Release|x64.Build.0 = Release|x64
		{B4032375-56C8-4D06-8FDF-3271839C6AF7}.Release|x86.ActiveCfg = Release|Win32
		{B4032375-56C8-4D06-8FDF-3271839C6AF7}.Release|x86.Build.0 = Release|Win32
	EndGlobalSection
	GlobalSection(SolutionProperties) = preSolution
		HideSolutionNode = FALSE
	EndGlobalSection
	GlobalSection(ExtensibilityGlobals) = postSolution
		SolutionGuid = {ADC4FF75-78F8-4157-BF2A-01458F2D9D17}
	EndGlobalSection
EndGlobal
