
Microsoft Visual Studio Solution File, Format Version 12.00
# Visual Studio Version 17
VisualStudioVersion = 17.14.36221.1 d17.14
MinimumVisualStudioVersion = 10.0.40219.1
Project("{FAE04EC0-301F-11D3-BF4B-00C04F79EFBC}") = "PixelForge", "PixelForge.csproj", "{7B5CB5FB-6D61-4511-BB5A-C8BBFE10CC7D}"
EndProject
Global
	GlobalSection(SolutionConfigurationPlatforms) = preSolution
		Debug|Any CPU = Debug|Any CPU
		Release|Any CPU = Release|Any CPU
	EndGlobalSection
	GlobalSection(ProjectConfigurationPlatforms) = postSolution
		{7B5CB5FB-6D61-4511-BB5A-C8BBFE10CC7D}.Debug|Any CPU.ActiveCfg = Debug|Any CPU
		{7B5CB5FB-6D61-4511-BB5A-C8BBFE10CC7D}.Debug|Any CPU.Build.0 = Debug|Any CPU
		{7B5CB5FB-6D61-4511-BB5A-C8BBFE10CC7D}.Release|Any CPU.ActiveCfg = Release|Any CPU
		{7B5CB5FB-6D61-4511-BB5A-C8BBFE10CC7D}.Release|Any CPU.Build.0 = Release|Any CPU
	EndGlobalSection
	GlobalSection(SolutionProperties) = preSolution
		HideSolutionNode = FALSE
	EndGlobalSection
	GlobalSection(ExtensibilityGlobals) = postSolution
		SolutionGuid = {36DDF380-E025-4F5E-BD09-61206ECB328E}
	EndGlobalSection
EndGlobal
